
Microsoft Visual Studio Solution File, Format Version 12.00
# Visual Studio Version 17
VisualStudioVersion = 17.0.31903.59
MinimumVisualStudioVersion = 10.0.40219.1
Project("{2150E333-8FDC-42A3-9474-1A3956D46DE8}") = "Source", "Source", "{ADAE1D94-EBBD-4AE9-A28A-D4725BF8E1D3}"
EndProject
Project("{FAE04EC0-301F-11D3-BF4B-00C04F79EFBC}") = "Hashing.Console", "Source\Hashing.Console\Hashing.Console.csproj", "{1B280465-C1F9-4BE4-95F9-0D257072E62E}"
EndProject
Global
	GlobalSection(SolutionConfigurationPlatforms) = preSolution
		Debug|Any CPU = Debug|Any CPU
		Release|Any CPU = Release|Any CPU
	EndGlobalSection
	GlobalSection(ProjectConfigurationPlatforms) = postSolution
		{1B280465-C1F9-4BE4-95F9-0D257072E62E}.Debug|Any CPU.ActiveCfg = Debug|Any CPU
		{1B280465-C1F9-4BE4-95F9-0D257072E62E}.Debug|Any CPU.Build.0 = Debug|Any CPU
		{1B280465-C1F9-4BE4-95F9-0D257072E62E}.Release|Any CPU.ActiveCfg = Release|Any CPU
		{1B280465-C1F9-4BE4-95F9-0D257072E62E}.Release|Any CPU.Build.0 = Release|Any CPU
	EndGlobalSection
	GlobalSection(SolutionProperties) = preSolution
		HideSolutionNode = FALSE
	EndGlobalSection
	GlobalSection(NestedProjects) = preSolution
		{1B280465-C1F9-4BE4-95F9-0D257072E62E} = {ADAE1D94-EBBD-4AE9-A28A-D4725BF8E1D3}
	EndGlobalSection
	GlobalSection(ExtensibilityGlobals) = postSolution
		SolutionGuid = {B94E95FA-E1EC-4858-9ED2-75CE13C7C6E1}
	EndGlobalSection
EndGlobal
